
Microsoft Visual Studio Solution File, Format Version 12.00
# Visual Studio Version 17
VisualStudioVersion = 17.0.31903.59
MinimumVisualStudioVersion = 10.0.40219.1
Project("{2150E333-8FDC-42A3-9474-1A3956D46DE8}") = "src", "src", "{827E0CD3-B72D-47B6-A68D-7590B98EB39B}"
EndProject
Project("{FAE04EC0-301F-11D3-BF4B-00C04F79EFBC}") = "xi.Core", "src\xi.Core\xi.Core.csproj", "{3DD118C7-F5FA-4919-B6F3-8E11A35F432C}"
EndProject
Project("{2150E333-8FDC-42A3-9474-1A3956D46DE8}") = "tests", "tests", "{0AB3BF05-4346-4AA6-1389-037BE0695223}"
EndProject
Project("{FAE04EC0-301F-11D3-BF4B-00C04F79EFBC}") = "xi.Core.Tests", "tests\xi.Core.Tests\xi.Core.Tests.csproj", "{B4C06FBE-7F00-434B-94EE-9D72C945BA6F}"
EndProject
Project("{2150E333-8FDC-42A3-9474-1A3956D46DE8}") = "xi.Core.Tests (assets)", "xi.Core.Tests (assets)", "{A636BD07-0F8F-BABB-CB19-DAA319CC109A}"
EndProject
Project("{2150E333-8FDC-42A3-9474-1A3956D46DE8}") = "Benchmarks", "Benchmarks", "{DD02BC72-EE35-3003-8D80-C08E2DC8B1A9}"
EndProject
Project("{2150E333-8FDC-42A3-9474-1A3956D46DE8}") = "Diagnostics", "Diagnostics", "{FD5BCC36-5FC2-05ED-138A-D23C711E4F3E}"
EndProject
Project("{FAE04EC0-301F-11D3-BF4B-00C04F79EFBC}") = "RopeChunkEnumeratorBenchmarks", "tests\xi.Core.Tests\Benchmarks\Diagnostics\RopeChunkEnumeratorBenchmarks.csproj", "{A7BC83A2-6575-459B-830F-2B1A5E0AED52}"
EndProject
Project("{FAE04EC0-301F-11D3-BF4B-00C04F79EFBC}") = "GraphemeTelemetryHarness", "tests\xi.Core.Tests\Benchmarks\GraphemeTelemetryHarness\GraphemeTelemetryHarness.csproj", "{ED72778C-7C49-4F5A-B368-4FE0C5F6A548}"
EndProject
Project("{2150E333-8FDC-42A3-9474-1A3956D46DE8}") = "tools", "tools", "{E1D137EF-7278-4619-8538-338114771D21}"
EndProject
Project("{FAE04EC0-301F-11D3-BF4B-00C04F79EFBC}") = "StageDDescriptorInspector", "tools\StageDDescriptorInspector\StageDDescriptorInspector.csproj", "{A11728C5-6A8B-4D70-BA0B-50E168DF7EFE}"
EndProject
Global
	GlobalSection(SolutionConfigurationPlatforms) = preSolution
		Debug|Any CPU = Debug|Any CPU
		Debug|x64 = Debug|x64
		Debug|x86 = Debug|x86
		Release|Any CPU = Release|Any CPU
		Release|x64 = Release|x64
		Release|x86 = Release|x86
	EndGlobalSection
	GlobalSection(ProjectConfigurationPlatforms) = postSolution
		{3DD118C7-F5FA-4919-B6F3-8E11A35F432C}.Debug|Any CPU.ActiveCfg = Debug|Any CPU
		{3DD118C7-F5FA-4919-B6F3-8E11A35F432C}.Debug|Any CPU.Build.0 = Debug|Any CPU
		{3DD118C7-F5FA-4919-B6F3-8E11A35F432C}.Debug|x64.ActiveCfg = Debug|Any CPU
		{3DD118C7-F5FA-4919-B6F3-8E11A35F432C}.Debug|x64.Build.0 = Debug|Any CPU
		{3DD118C7-F5FA-4919-B6F3-8E11A35F432C}.Debug|x86.ActiveCfg = Debug|Any CPU
		{3DD118C7-F5FA-4919-B6F3-8E11A35F432C}.Debug|x86.Build.0 = Debug|Any CPU
		{3DD118C7-F5FA-4919-B6F3-8E11A35F432C}.Release|Any CPU.ActiveCfg = Release|Any CPU
		{3DD118C7-F5FA-4919-B6F3-8E11A35F432C}.Release|Any CPU.Build.0 = Release|Any CPU
		{3DD118C7-F5FA-4919-B6F3-8E11A35F432C}.Release|x64.ActiveCfg = Release|Any CPU
		{3DD118C7-F5FA-4919-B6F3-8E11A35F432C}.Release|x64.Build.0 = Release|Any CPU
		{3DD118C7-F5FA-4919-B6F3-8E11A35F432C}.Release|x86.ActiveCfg = Release|Any CPU
		{3DD118C7-F5FA-4919-B6F3-8E11A35F432C}.Release|x86.Build.0 = Release|Any CPU
		{B4C06FBE-7F00-434B-94EE-9D72C945BA6F}.Debug|Any CPU.ActiveCfg = Debug|Any CPU
		{B4C06FBE-7F00-434B-94EE-9D72C945BA6F}.Debug|Any CPU.Build.0 = Debug|Any CPU
		{B4C06FBE-7F00-434B-94EE-9D72C945BA6F}.Debug|x64.ActiveCfg = Debug|Any CPU
		{B4C06FBE-7F00-434B-94EE-9D72C945BA6F}.Debug|x64.Build.0 = Debug|Any CPU
		{B4C06FBE-7F00-434B-94EE-9D72C945BA6F}.Debug|x86.ActiveCfg = Debug|Any CPU
		{B4C06FBE-7F00-434B-94EE-9D72C945BA6F}.Debug|x86.Build.0 = Debug|Any CPU
		{B4C06FBE-7F00-434B-94EE-9D72C945BA6F}.Release|Any CPU.ActiveCfg = Release|Any CPU
		{B4C06FBE-7F00-434B-94EE-9D72C945BA6F}.Release|Any CPU.Build.0 = Release|Any CPU
		{B4C06FBE-7F00-434B-94EE-9D72C945BA6F}.Release|x64.ActiveCfg = Release|Any CPU
		{B4C06FBE-7F00-434B-94EE-9D72C945BA6F}.Release|x64.Build.0 = Release|Any CPU
		{B4C06FBE-7F00-434B-94EE-9D72C945BA6F}.Release|x86.ActiveCfg = Release|Any CPU
		{B4C06FBE-7F00-434B-94EE-9D72C945BA6F}.Release|x86.Build.0 = Release|Any CPU
		{A7BC83A2-6575-459B-830F-2B1A5E0AED52}.Debug|Any CPU.ActiveCfg = Debug|Any CPU
		{A7BC83A2-6575-459B-830F-2B1A5E0AED52}.Debug|Any CPU.Build.0 = Debug|Any CPU
		{A7BC83A2-6575-459B-830F-2B1A5E0AED52}.Debug|x64.ActiveCfg = Debug|Any CPU
		{A7BC83A2-6575-459B-830F-2B1A5E0AED52}.Debug|x64.Build.0 = Debug|Any CPU
		{A7BC83A2-6575-459B-830F-2B1A5E0AED52}.Debug|x86.ActiveCfg = Debug|Any CPU
		{A7BC83A2-6575-459B-830F-2B1A5E0AED52}.Debug|x86.Build.0 = Debug|Any CPU
		{A7BC83A2-6575-459B-830F-2B1A5E0AED52}.Release|Any CPU.ActiveCfg = Release|Any CPU
		{A7BC83A2-6575-459B-830F-2B1A5E0AED52}.Release|Any CPU.Build.0 = Release|Any CPU
		{A7BC83A2-6575-459B-830F-2B1A5E0AED52}.Release|x64.ActiveCfg = Release|Any CPU
		{A7BC83A2-6575-459B-830F-2B1A5E0AED52}.Release|x64.Build.0 = Release|Any CPU
		{A7BC83A2-6575-459B-830F-2B1A5E0AED52}.Release|x86.ActiveCfg = Release|Any CPU
		{A7BC83A2-6575-459B-830F-2B1A5E0AED52}.Release|x86.Build.0 = Release|Any CPU
		{ED72778C-7C49-4F5A-B368-4FE0C5F6A548}.Debug|Any CPU.ActiveCfg = Debug|Any CPU
		{ED72778C-7C49-4F5A-B368-4FE0C5F6A548}.Debug|Any CPU.Build.0 = Debug|Any CPU
		{ED72778C-7C49-4F5A-B368-4FE0C5F6A548}.Debug|x64.ActiveCfg = Debug|Any CPU
		{ED72778C-7C49-4F5A-B368-4FE0C5F6A548}.Debug|x64.Build.0 = Debug|Any CPU
		{ED72778C-7C49-4F5A-B368-4FE0C5F6A548}.Debug|x86.ActiveCfg = Debug|Any CPU
		{ED72778C-7C49-4F5A-B368-4FE0C5F6A548}.Debug|x86.Build.0 = Debug|Any CPU
		{ED72778C-7C49-4F5A-B368-4FE0C5F6A548}.Release|Any CPU.ActiveCfg = Release|Any CPU
		{ED72778C-7C49-4F5A-B368-4FE0C5F6A548}.Release|Any CPU.Build.0 = Release|Any CPU
		{ED72778C-7C49-4F5A-B368-4FE0C5F6A548}.Release|x64.ActiveCfg = Release|Any CPU
		{ED72778C-7C49-4F5A-B368-4FE0C5F6A548}.Release|x64.Build.0 = Release|Any CPU
		{ED72778C-7C49-4F5A-B368-4FE0C5F6A548}.Release|x86.ActiveCfg = Release|Any CPU
		{ED72778C-7C49-4F5A-B368-4FE0C5F6A548}.Release|x86.Build.0 = Release|Any CPU
		{A11728C5-6A8B-4D70-BA0B-50E168DF7EFE}.Debug|Any CPU.ActiveCfg = Debug|Any CPU
		{A11728C5-6A8B-4D70-BA0B-50E168DF7EFE}.Debug|Any CPU.Build.0 = Debug|Any CPU
		{A11728C5-6A8B-4D70-BA0B-50E168DF7EFE}.Debug|x64.ActiveCfg = Debug|Any CPU
		{A11728C5-6A8B-4D70-BA0B-50E168DF7EFE}.Debug|x64.Build.0 = Debug|Any CPU
		{A11728C5-6A8B-4D70-BA0B-50E168DF7EFE}.Debug|x86.ActiveCfg = Debug|Any CPU
		{A11728C5-6A8B-4D70-BA0B-50E168DF7EFE}.Debug|x86.Build.0 = Debug|Any CPU
		{A11728C5-6A8B-4D70-BA0B-50E168DF7EFE}.Release|Any CPU.ActiveCfg = Release|Any CPU
		{A11728C5-6A8B-4D70-BA0B-50E168DF7EFE}.Release|Any CPU.Build.0 = Release|Any CPU
		{A11728C5-6A8B-4D70-BA0B-50E168DF7EFE}.Release|x64.ActiveCfg = Release|Any CPU
		{A11728C5-6A8B-4D70-BA0B-50E168DF7EFE}.Release|x64.Build.0 = Release|Any CPU
		{A11728C5-6A8B-4D70-BA0B-50E168DF7EFE}.Release|x86.ActiveCfg = Release|Any CPU
		{A11728C5-6A8B-4D70-BA0B-50E168DF7EFE}.Release|x86.Build.0 = Release|Any CPU
	EndGlobalSection
	GlobalSection(SolutionProperties) = preSolution
		HideSolutionNode = FALSE
	EndGlobalSection
	GlobalSection(NestedProjects) = preSolution
		{3DD118C7-F5FA-4919-B6F3-8E11A35F432C} = {827E0CD3-B72D-47B6-A68D-7590B98EB39B}
		{B4C06FBE-7F00-434B-94EE-9D72C945BA6F} = {0AB3BF05-4346-4AA6-1389-037BE0695223}
		{A636BD07-0F8F-BABB-CB19-DAA319CC109A} = {0AB3BF05-4346-4AA6-1389-037BE0695223}
		{DD02BC72-EE35-3003-8D80-C08E2DC8B1A9} = {A636BD07-0F8F-BABB-CB19-DAA319CC109A}
		{FD5BCC36-5FC2-05ED-138A-D23C711E4F3E} = {DD02BC72-EE35-3003-8D80-C08E2DC8B1A9}
		{A7BC83A2-6575-459B-830F-2B1A5E0AED52} = {FD5BCC36-5FC2-05ED-138A-D23C711E4F3E}
		{ED72778C-7C49-4F5A-B368-4FE0C5F6A548} = {DD02BC72-EE35-3003-8D80-C08E2DC8B1A9}
		{A11728C5-6A8B-4D70-BA0B-50E168DF7EFE} = {E1D137EF-7278-4619-8538-338114771D21}
	EndGlobalSection
EndGlobal
